
Microsoft Visual Studio Solution File, Format Version 12.00
# Visual Studio Version 17
VisualStudioVersion = 17.8.34330.188
MinimumVisualStudioVersion = 10.0.40219.1
Project("{FAE04EC0-301F-11D3-BF4B-00C04F79EFBC}") = "EmployeePayroll_v2", "EmployeePayroll_v2.csproj", "{4BA31EC0-8C55-4D5A-B729-54B8FF989880}"
EndProject
Global
	GlobalSection(SolutionConfigurationPlatforms) = preSolution
		Debug|Any CPU = Debug|Any CPU
		Release|Any CPU = Release|Any CPU
	EndGlobalSection
	GlobalSection(ProjectConfigurationPlatforms) = postSolution
		{4BA31EC0-8C55-4D5A-B729-54B8FF989880}.Debug|Any CPU.ActiveCfg = Debug|Any CPU
		{4BA31EC0-8C55-4D5A-B729-54B8FF989880}.Debug|Any CPU.Build.0 = Debug|Any CPU
		{4BA31EC0-8C55-4D5A-B729-54B8FF989880}.Release|Any CPU.ActiveCfg = Release|Any CPU
		{4BA31EC0-8C55-4D5A-B729-54B8FF989880}.Release|Any CPU.Build.0 = Release|Any CPU
	EndGlobalSection
	GlobalSection(SolutionProperties) = preSolution
		HideSolutionNode = FALSE
	EndGlobalSection
	GlobalSection(ExtensibilityGlobals) = postSolution
		SolutionGuid = {3E31BC06-2802-4533-834A-D9BE1CED1661}
	EndGlobalSection
EndGlobal
